
Microsoft Visual Studio Solution File, Format Version 12.00
# Visual Studio Version 17
VisualStudioVersion = 17.6.33815.320
MinimumVisualStudioVersion = 10.0.40219.1
Project("{2150E333-8FDC-42A3-9474-1A3956D46DE8}") = "src", "src", "{414CD4F6-8EB6-4C6D-B1A9-F59E93AD6F66}"
EndProject
Project("{2150E333-8FDC-42A3-9474-1A3956D46DE8}") = "Template", "Template", "{85174412-4283-4799-9D59-1214A5CF9CF5}"
EndProject
Project("{9A19103F-16F7-4668-BE54-9A1E7A4F7556}") = "Domain", "src\Template\Domain\Domain.csproj", "{B165A76C-9104-4D94-9CF5-5CAA2C135E0E}"
EndProject
Project("{9A19103F-16F7-4668-BE54-9A1E7A4F7556}") = "Command", "src\Template\Command\Command.csproj", "{D6F802E5-4C2D-4E29-9AEA-D626BF95A090}"
EndProject
Project("{9A19103F-16F7-4668-BE54-9A1E7A4F7556}") = "Services", "src\Template\Services\Services.csproj", "{A9B9788A-CF51-4FBF-8380-958947C8918E}"
EndProject
Project("{9A19103F-16F7-4668-BE54-9A1E7A4F7556}") = "Api", "src\Template\Api\Api.csproj", "{A1CDDF5A-B470-434E-A45E-0757AA44CC6A}"
EndProject
Project("{2150E333-8FDC-42A3-9474-1A3956D46DE8}") = "Aspire", "Aspire", "{5E329B3A-CB81-44A1-B283-D7D302A033DC}"
EndProject
Project("{9A19103F-16F7-4668-BE54-9A1E7A4F7556}") = "Template.AppHost", "src\Aspire\Template.AppHost\Template.AppHost.csproj", "{A5186288-08A8-4A79-91FC-D83C5E69B2DF}"
EndProject
Project("{9A19103F-16F7-4668-BE54-9A1E7A4F7556}") = "Template.ServiceDefaults", "src\Aspire\Template.ServiceDefaults\Template.ServiceDefaults.csproj", "{F180CE25-C8AC-4C3E-8F28-1B7F8486818D}"
EndProject
Project("{9A19103F-16F7-4668-BE54-9A1E7A4F7556}") = "TemplateMigrate", "src\Template\TemplateMigrate\TemplateMigrate.csproj", "{D5FBCD02-40F9-4749-8AB8-47B15DED3A1D}"
EndProject
Project("{2150E333-8FDC-42A3-9474-1A3956D46DE8}") = "doc", "doc", "{DCB68C08-E117-4F1B-BBDC-AC0B9BD818E9}"
	ProjectSection(SolutionItems) = preProject
		Readme.md = Readme.md
	EndProjectSection
EndProject
Global
	GlobalSection(SolutionConfigurationPlatforms) = preSolution
		Debug|Any CPU = Debug|Any CPU
		Release|Any CPU = Release|Any CPU
	EndGlobalSection
	GlobalSection(ProjectConfigurationPlatforms) = postSolution
		{B165A76C-9104-4D94-9CF5-5CAA2C135E0E}.Debug|Any CPU.ActiveCfg = Debug|Any CPU
		{B165A76C-9104-4D94-9CF5-5CAA2C135E0E}.Debug|Any CPU.Build.0 = Debug|Any CPU
		{B165A76C-9104-4D94-9CF5-5CAA2C135E0E}.Release|Any CPU.ActiveCfg = Release|Any CPU
		{B165A76C-9104-4D94-9CF5-5CAA2C135E0E}.Release|Any CPU.Build.0 = Release|Any CPU
		{D6F802E5-4C2D-4E29-9AEA-D626BF95A090}.Debug|Any CPU.ActiveCfg = Debug|Any CPU
		{D6F802E5-4C2D-4E29-9AEA-D626BF95A090}.Debug|Any CPU.Build.0 = Debug|Any CPU
		{D6F802E5-4C2D-4E29-9AEA-D626BF95A090}.Release|Any CPU.ActiveCfg = Release|Any CPU
		{D6F802E5-4C2D-4E29-9AEA-D626BF95A090}.Release|Any CPU.Build.0 = Release|Any CPU
		{A9B9788A-CF51-4FBF-8380-958947C8918E}.Debug|Any CPU.ActiveCfg = Debug|Any CPU
		{A9B9788A-CF51-4FBF-8380-958947C8918E}.Debug|Any CPU.Build.0 = Debug|Any CPU
		{A9B9788A-CF51-4FBF-8380-958947C8918E}.Release|Any CPU.ActiveCfg = Release|Any CPU
		{A9B9788A-CF51-4FBF-8380-958947C8918E}.Release|Any CPU.Build.0 = Release|Any CPU
		{A1CDDF5A-B470-434E-A45E-0757AA44CC6A}.Debug|Any CPU.ActiveCfg = Debug|Any CPU
		{A1CDDF5A-B470-434E-A45E-0757AA44CC6A}.Debug|Any CPU.Build.0 = Debug|Any CPU
		{A1CDDF5A-B470-434E-A45E-0757AA44CC6A}.Release|Any CPU.ActiveCfg = Release|Any CPU
		{A1CDDF5A-B470-434E-A45E-0757AA44CC6A}.Release|Any CPU.Build.0 = Release|Any CPU
		{A5186288-08A8-4A79-91FC-D83C5E69B2DF}.Debug|Any CPU.ActiveCfg = Debug|Any CPU
		{A5186288-08A8-4A79-91FC-D83C5E69B2DF}.Debug|Any CPU.Build.0 = Debug|Any CPU
		{A5186288-08A8-4A79-91FC-D83C5E69B2DF}.Release|Any CPU.ActiveCfg = Release|Any CPU
		{A5186288-08A8-4A79-91FC-D83C5E69B2DF}.Release|Any CPU.Build.0 = Release|Any CPU
		{F180CE25-C8AC-4C3E-8F28-1B7F8486818D}.Debug|Any CPU.ActiveCfg = Debug|Any CPU
		{F180CE25-C8AC-4C3E-8F28-1B7F8486818D}.Debug|Any CPU.Build.0 = Debug|Any CPU
		{F180CE25-C8AC-4C3E-8F28-1B7F8486818D}.Release|Any CPU.ActiveCfg = Release|Any CPU
		{F180CE25-C8AC-4C3E-8F28-1B7F8486818D}.Release|Any CPU.Build.0 = Release|Any CPU
		{D5FBCD02-40F9-4749-8AB8-47B15DED3A1D}.Debug|Any CPU.ActiveCfg = Debug|Any CPU
		{D5FBCD02-40F9-4749-8AB8-47B15DED3A1D}.Debug|Any CPU.Build.0 = Debug|Any CPU
		{D5FBCD02-40F9-4749-8AB8-47B15DED3A1D}.Release|Any CPU.ActiveCfg = Release|Any CPU
		{D5FBCD02-40F9-4749-8AB8-47B15DED3A1D}.Release|Any CPU.Build.0 = Release|Any CPU
	EndGlobalSection
	GlobalSection(SolutionProperties) = preSolution
		HideSolutionNode = FALSE
	EndGlobalSection
	GlobalSection(NestedProjects) = preSolution
		{85174412-4283-4799-9D59-1214A5CF9CF5} = {414CD4F6-8EB6-4C6D-B1A9-F59E93AD6F66}
		{B165A76C-9104-4D94-9CF5-5CAA2C135E0E} = {85174412-4283-4799-9D59-1214A5CF9CF5}
		{D6F802E5-4C2D-4E29-9AEA-D626BF95A090} = {85174412-4283-4799-9D59-1214A5CF9CF5}
		{A9B9788A-CF51-4FBF-8380-958947C8918E} = {85174412-4283-4799-9D59-1214A5CF9CF5}
		{A1CDDF5A-B470-434E-A45E-0757AA44CC6A} = {85174412-4283-4799-9D59-1214A5CF9CF5}
		{5E329B3A-CB81-44A1-B283-D7D302A033DC} = {414CD4F6-8EB6-4C6D-B1A9-F59E93AD6F66}
		{A5186288-08A8-4A79-91FC-D83C5E69B2DF} = {5E329B3A-CB81-44A1-B283-D7D302A033DC}
		{F180CE25-C8AC-4C3E-8F28-1B7F8486818D} = {5E329B3A-CB81-44A1-B283-D7D302A033DC}
		{D5FBCD02-40F9-4749-8AB8-47B15DED3A1D} = {85174412-4283-4799-9D59-1214A5CF9CF5}
		{DCB68C08-E117-4F1B-BBDC-AC0B9BD818E9} = {414CD4F6-8EB6-4C6D-B1A9-F59E93AD6F66}
	EndGlobalSection
	GlobalSection(ExtensibilityGlobals) = postSolution
		SolutionGuid = {B5815BB7-C13A-4B90-AEFE-A63BFED37347}
	EndGlobalSection
EndGlobal
